
Microsoft Visual Studio Solution File, Format Version 12.00
Project("{FAE04EC0-301F-11D3-BF4B-00C04F79EFBC}") = "tmps-lab3", "tmps-lab3\tmps-lab3.csproj", "{458C4625-9165-45C0-AAF6-0C00AC28603B}"
EndProject
Global
	GlobalSection(SolutionConfigurationPlatforms) = preSolution
		Debug|Any CPU = Debug|Any CPU
		Release|Any CPU = Release|Any CPU
	EndGlobalSection
	GlobalSection(ProjectConfigurationPlatforms) = postSolution
		{458C4625-9165-45C0-AAF6-0C00AC28603B}.Debug|Any CPU.ActiveCfg = Debug|Any CPU
		{458C4625-9165-45C0-AAF6-0C00AC28603B}.Debug|Any CPU.Build.0 = Debug|Any CPU
		{458C4625-9165-45C0-AAF6-0C00AC28603B}.Release|Any CPU.ActiveCfg = Release|Any CPU
		{458C4625-9165-45C0-AAF6-0C00AC28603B}.Release|Any CPU.Build.0 = Release|Any CPU
	EndGlobalSection
EndGlobal
